// !$*UTF8*$!
{
	archiveVersion = 1;
	classes = {
	};
	objectVersion = 77;
	objects = {

/* Begin PBXContainerItemProxy section */
		3992D74F2D4135E60051F96A /* PBXContainerItemProxy */ = {
			isa = PBXContainerItemProxy;
			containerPortal = 3992D7342D4135E30051F96A /* Project object */;
			proxyType = 1;
			remoteGlobalIDString = 3992D73B2D4135E40051F96A;
			remoteInfo = RandomUserApi;
		};
		3992D7592D4135E60051F96A /* PBXContainerItemProxy */ = {
			isa = PBXContainerItemProxy;
			containerPortal = 3992D7342D4135E30051F96A /* Project object */;
			proxyType = 1;
			remoteGlobalIDString = 3992D73B2D4135E40051F96A;
			remoteInfo = RandomUserApi;
		};
/* End PBXContainerItemProxy section */

/* Begin PBXFileReference section */
		3992D73C2D4135E40051F96A /* RandomUserApi.app */ = {isa = PBXFileReference; explicitFileType = wrapper.application; includeInIndex = 0; path = RandomUserApi.app; sourceTree = BUILT_PRODUCTS_DIR; };
		3992D74E2D4135E60051F96A /* RandomUserApiTests.xctest */ = {isa = PBXFileReference; explicitFileType = wrapper.cfbundle; includeInIndex = 0; path = RandomUserApiTests.xctest; sourceTree = BUILT_PRODUCTS_DIR; };
		3992D7582D4135E60051F96A /* RandomUserApiUITests.xctest */ = {isa = PBXFileReference; explicitFileType = wrapper.cfbundle; includeInIndex = 0; path = RandomUserApiUITests.xctest; sourceTree = BUILT_PRODUCTS_DIR; };
		3992D79D2D41BAE80051F96A /* RandomUserApi.xctestplan */ = {isa = PBXFileReference; lastKnownFileType = text; path = RandomUserApi.xctestplan; sourceTree = "<group>"; };
/* End PBXFileReference section */

/* Begin PBXFileSystemSynchronizedBuildFileExceptionSet section */
		3992D7FA2D4233950051F96A /* Exceptions for "RandomUserApiTests" folder in "RandomUserApi" target */ = {
			isa = PBXFileSystemSynchronizedBuildFileExceptionSet;
			membershipExceptions = (
				Data/Mocks/TestData.swift,
			);
			target = 3992D73B2D4135E40051F96A /* RandomUserApi */;
		};
		3992D7FB2D4233950051F96A /* Exceptions for "RandomUserApiTests" folder in "RandomUserApiTests" target */ = {
			isa = PBXFileSystemSynchronizedBuildFileExceptionSet;
			membershipExceptions = (
				Data/Mocks/TestData.swift,
			);
			target = 3992D74D2D4135E60051F96A /* RandomUserApiTests */;
		};
/* End PBXFileSystemSynchronizedBuildFileExceptionSet section */

/* Begin PBXFileSystemSynchronizedRootGroup section */
		3992D73E2D4135E40051F96A /* RandomUserApi */ = {
			isa = PBXFileSystemSynchronizedRootGroup;
			path = RandomUserApi;
			sourceTree = "<group>";
		};
		3992D7512D4135E60051F96A /* RandomUserApiTests */ = {
			isa = PBXFileSystemSynchronizedRootGroup;
			exceptions = (
				3992D7FA2D4233950051F96A /* Exceptions for "RandomUserApiTests" folder in "RandomUserApi" target */,
				3992D7FB2D4233950051F96A /* Exceptions for "RandomUserApiTests" folder in "RandomUserApiTests" target */,
			);
			path = RandomUserApiTests;
			sourceTree = "<group>";
		};
		3992D75B2D4135E60051F96A /* RandomUserApiUITests */ = {
			isa = PBXFileSystemSynchronizedRootGroup;
			path = RandomUserApiUITests;
			sourceTree = "<group>";
		};
/* End PBXFileSystemSynchronizedRootGroup section */

/* Begin PBXFrameworksBuildPhase section */
		3992D7392D4135E40051F96A /* Frameworks */ = {
			isa = PBXFrameworksBuildPhase;
			buildActionMask = 2147483647;
			files = (
			);
			runOnlyForDeploymentPostprocessing = 0;
		};
		3992D74B2D4135E60051F96A /* Frameworks */ = {
			isa = PBXFrameworksBuildPhase;
			buildActionMask = 2147483647;
			files = (
			);
			runOnlyForDeploymentPostprocessing = 0;
		};
		3992D7552D4135E60051F96A /* Frameworks */ = {
			isa = PBXFrameworksBuildPhase;
			buildActionMask = 2147483647;
			files = (
			);
			runOnlyForDeploymentPostprocessing = 0;
		};
/* End PBXFrameworksBuildPhase section */

/* Begin PBXGroup section */
		3992D7332D4135E30051F96A = {
			isa = PBXGroup;
			children = (
				3992D79D2D41BAE80051F96A /* RandomUserApi.xctestplan */,
				3992D73E2D4135E40051F96A /* RandomUserApi */,
				3992D7512D4135E60051F96A /* RandomUserApiTests */,
				3992D75B2D4135E60051F96A /* RandomUserApiUITests */,
				3992D73D2D4135E40051F96A /* Products */,
			);
			sourceTree = "<group>";
		};
		3992D73D2D4135E40051F96A /* Products */ = {
			isa = PBXGroup;
			children = (
				3992D73C2D4135E40051F96A /* RandomUserApi.app */,
				3992D74E2D4135E60051F96A /* RandomUserApiTests.xctest */,
				3992D7582D4135E60051F96A /* RandomUserApiUITests.xctest */,
			);
			name = Products;
			sourceTree = "<group>";
		};
/* End PBXGroup section */

/* Begin PBXNativeTarget section */
		3992D73B2D4135E40051F96A /* RandomUserApi */ = {
			isa = PBXNativeTarget;
			buildConfigurationList = 3992D7622D4135E60051F96A /* Build configuration list for PBXNativeTarget "RandomUserApi" */;
			buildPhases = (
				3992D7382D4135E40051F96A /* Sources */,
				3992D7392D4135E40051F96A /* Frameworks */,
				3992D73A2D4135E40051F96A /* Resources */,
			);
			buildRules = (
			);
			dependencies = (
			);
			fileSystemSynchronizedGroups = (
				3992D73E2D4135E40051F96A /* RandomUserApi */,
			);
			name = RandomUserApi;
			packageProductDependencies = (
			);
			productName = RandomUserApi;
			productReference = 3992D73C2D4135E40051F96A /* RandomUserApi.app */;
			productType = "com.apple.product-type.application";
		};
		3992D74D2D4135E60051F96A /* RandomUserApiTests */ = {
			isa = PBXNativeTarget;
			buildConfigurationList = 3992D7652D4135E60051F96A /* Build configuration list for PBXNativeTarget "RandomUserApiTests" */;
			buildPhases = (
				3992D74A2D4135E60051F96A /* Sources */,
				3992D74B2D4135E60051F96A /* Frameworks */,
				3992D74C2D4135E60051F96A /* Resources */,
			);
			buildRules = (
			);
			dependencies = (
				3992D7502D4135E60051F96A /* PBXTargetDependency */,
			);
			fileSystemSynchronizedGroups = (
				3992D7512D4135E60051F96A /* RandomUserApiTests */,
			);
			name = RandomUserApiTests;
			packageProductDependencies = (
			);
			productName = RandomUserApiTests;
			productReference = 3992D74E2D4135E60051F96A /* RandomUserApiTests.xctest */;
			productType = "com.apple.product-type.bundle.unit-test";
		};
		3992D7572D4135E60051F96A /* RandomUserApiUITests */ = {
			isa = PBXNativeTarget;
			buildConfigurationList = 3992D7682D4135E60051F96A /* Build configuration list for PBXNativeTarget "RandomUserApiUITests" */;
			buildPhases = (
				3992D7542D4135E60051F96A /* Sources */,
				3992D7552D4135E60051F96A /* Frameworks */,
				3992D7562D4135E60051F96A /* Resources */,
			);
			buildRules = (
			);
			dependencies = (
				3992D75A2D4135E60051F96A /* PBXTargetDependency */,
			);
			fileSystemSynchronizedGroups = (
				3992D75B2D4135E60051F96A /* RandomUserApiUITests */,
			);
			name = RandomUserApiUITests;
			packageProductDependencies = (
			);
			productName = RandomUserApiUITests;
			productReference = 3992D7582D4135E60051F96A /* RandomUserApiUITests.xctest */;
			productType = "com.apple.product-type.bundle.ui-testing";
		};
/* End PBXNativeTarget section */

/* Begin PBXProject section */
		3992D7342D4135E30051F96A /* Project object */ = {
			isa = PBXProject;
			attributes = {
				BuildIndependentTargetsInParallel = 1;
				LastSwiftUpdateCheck = 1620;
				LastUpgradeCheck = 1620;
				TargetAttributes = {
					3992D73B2D4135E40051F96A = {
						CreatedOnToolsVersion = 16.2;
					};
					3992D74D2D4135E60051F96A = {
						CreatedOnToolsVersion = 16.2;
						TestTargetID = 3992D73B2D4135E40051F96A;
					};
					3992D7572D4135E60051F96A = {
						CreatedOnToolsVersion = 16.2;
						TestTargetID = 3992D73B2D4135E40051F96A;
					};
				};
			};
			buildConfigurationList = 3992D7372D4135E30051F96A /* Build configuration list for PBXProject "RandomUserApi" */;
			developmentRegion = en;
			hasScannedForEncodings = 0;
			knownRegions = (
				en,
				Base,
			);
			mainGroup = 3992D7332D4135E30051F96A;
			minimizedProjectReferenceProxies = 1;
			preferredProjectObjectVersion = 77;
			productRefGroup = 3992D73D2D4135E40051F96A /* Products */;
			projectDirPath = "";
			projectRoot = "";
			targets = (
				3992D73B2D4135E40051F96A /* RandomUserApi */,
				3992D74D2D4135E60051F96A /* RandomUserApiTests */,
				3992D7572D4135E60051F96A /* RandomUserApiUITests */,
			);
		};
/* End PBXProject section */

/* Begin PBXResourcesBuildPhase section */
		3992D73A2D4135E40051F96A /* Resources */ = {
			isa = PBXResourcesBuildPhase;
			buildActionMask = 2147483647;
			files = (
			);
			runOnlyForDeploymentPostprocessing = 0;
		};
		3992D74C2D4135E60051F96A /* Resources */ = {
			isa = PBXResourcesBuildPhase;
			buildActionMask = 2147483647;
			files = (
			);
			runOnlyForDeploymentPostprocessing = 0;
		};
		3992D7562D4135E60051F96A /* Resources */ = {
			isa = PBXResourcesBuildPhase;
			buildActionMask = 2147483647;
			files = (
			);
			runOnlyForDeploymentPostprocessing = 0;
		};
/* End PBXResourcesBuildPhase section */

/* Begin PBXSourcesBuildPhase section */
		3992D7382D4135E40051F96A /* Sources */ = {
			isa = PBXSourcesBuildPhase;
			buildActionMask = 2147483647;
			files = (
			);
			runOnlyForDeploymentPostprocessing = 0;
		};
		3992D74A2D4135E60051F96A /* Sources */ = {
			isa = PBXSourcesBuildPhase;
			buildActionMask = 2147483647;
			files = (
			);
			runOnlyForDeploymentPostprocessing = 0;
		};
		3992D7542D4135E60051F96A /* Sources */ = {
			isa = PBXSourcesBuildPhase;
			buildActionMask = 2147483647;
			files = (
			);
			runOnlyForDeploymentPostprocessing = 0;
		};
/* End PBXSourcesBuildPhase section */

/* Begin PBXTargetDependency section */
		3992D7502D4135E60051F96A /* PBXTargetDependency */ = {
			isa = PBXTargetDependency;
			target = 3992D73B2D4135E40051F96A /* RandomUserApi */;
			targetProxy = 3992D74F2D4135E60051F96A /* PBXContainerItemProxy */;
		};
		3992D75A2D4135E60051F96A /* PBXTargetDependency */ = {
			isa = PBXTargetDependency;
			target = 3992D73B2D4135E40051F96A /* RandomUserApi */;
			targetProxy = 3992D7592D4135E60051F96A /* PBXContainerItemProxy */;
		};
/* End PBXTargetDependency section */

/* Begin XCBuildConfiguration section */
		3992D7602D4135E60051F96A /* Debug */ = {
			isa = XCBuildConfiguration;
			buildSettings = {
				ALWAYS_SEARCH_USER_PATHS = NO;
				ASSETCATALOG_COMPILER_GENERATE_SWIFT_ASSET_SYMBOL_EXTENSIONS = YES;
				CLANG_ANALYZER_NONNULL = YES;
				CLANG_ANALYZER_NUMBER_OBJECT_CONVERSION = YES_AGGRESSIVE;
				CLANG_CXX_LANGUAGE_STANDARD = "gnu++20";
				CLANG_ENABLE_MODULES = YES;
				CLANG_ENABLE_OBJC_ARC = YES;
				CLANG_ENABLE_OBJC_WEAK = YES;
				CLANG_WARN_BLOCK_CAPTURE_AUTORELEASING = YES;
				CLANG_WARN_BOOL_CONVERSION = YES;
				CLANG_WARN_COMMA = YES;
				CLANG_WARN_CONSTANT_CONVERSION = YES;
				CLANG_WARN_DEPRECATED_OBJC_IMPLEMENTATIONS = YES;
				CLANG_WARN_DIRECT_OBJC_ISA_USAGE = YES_ERROR;
				CLANG_WARN_DOCUMENTATION_COMMENTS = YES;
				CLANG_WARN_EMPTY_BODY = YES;
				CLANG_WARN_ENUM_CONVERSION = YES;
				CLANG_WARN_INFINITE_RECURSION = YES;
				CLANG_WARN_INT_CONVERSION = YES;
				CLANG_WARN_NON_LITERAL_NULL_CONVERSION = YES;
				CLANG_WARN_OBJC_IMPLICIT_RETAIN_SELF = YES;
				CLANG_WARN_OBJC_LITERAL_CONVERSION = YES;
				CLANG_WARN_OBJC_ROOT_CLASS = YES_ERROR;
				CLANG_WARN_QUOTED_INCLUDE_IN_FRAMEWORK_HEADER = YES;
				CLANG_WARN_RANGE_LOOP_ANALYSIS = YES;
				CLANG_WARN_STRICT_PROTOTYPES = YES;
				CLANG_WARN_SUSPICIOUS_MOVE = YES;
				CLANG_WARN_UNGUARDED_AVAILABILITY = YES_AGGRESSIVE;
				CLANG_WARN_UNREACHABLE_CODE = YES;
				CLANG_WARN__DUPLICATE_METHOD_MATCH = YES;
				COPY_PHASE_STRIP = NO;
				DEBUG_INFORMATION_FORMAT = dwarf;
				ENABLE_STRICT_OBJC_MSGSEND = YES;
				ENABLE_TESTABILITY = YES;
				ENABLE_USER_SCRIPT_SANDBOXING = YES;
				GCC_C_LANGUAGE_STANDARD = gnu17;
				GCC_DYNAMIC_NO_PIC = NO;
				GCC_NO_COMMON_BLOCKS = YES;
				GCC_OPTIMIZATION_LEVEL = 0;
				GCC_PREPROCESSOR_DEFINITIONS = (
					"DEBUG=1",
					"$(inherited)",
				);
				GCC_WARN_64_TO_32_BIT_CONVERSION = YES;
				GCC_WARN_ABOUT_RETURN_TYPE = YES_ERROR;
				GCC_WARN_UNDECLARED_SELECTOR = YES;
				GCC_WARN_UNINITIALIZED_AUTOS = YES_AGGRESSIVE;
				GCC_WARN_UNUSED_FUNCTION = YES;
				GCC_WARN_UNUSED_VARIABLE = YES;
				IPHONEOS_DEPLOYMENT_TARGET = 18.2;
				LOCALIZATION_PREFERS_STRING_CATALOGS = YES;
				MTL_ENABLE_DEBUG_INFO = INCLUDE_SOURCE;
				MTL_FAST_MATH = YES;
				ONLY_ACTIVE_ARCH = YES;
				SDKROOT = iphoneos;
				SWIFT_ACTIVE_COMPILATION_CONDITIONS = "DEBUG $(inherited)";
				SWIFT_OPTIMIZATION_LEVEL = "-Onone";
				SWIFT_VERSION = 6.0;
			};
			name = Debug;
		};
		3992D7612D4135E60051F96A /* Release */ = {
			isa = XCBuildConfiguration;
			buildSettings = {
				ALWAYS_SEARCH_USER_PATHS = NO;
				ASSETCATALOG_COMPILER_GENERATE_SWIFT_ASSET_SYMBOL_EXTENSIONS = YES;
				CLANG_ANALYZER_NONNULL = YES;
				CLANG_ANALYZER_NUMBER_OBJECT_CONVERSION = YES_AGGRESSIVE;
				CLANG_CXX_LANGUAGE_STANDARD = "gnu++20";
				CLANG_ENABLE_MODULES = YES;
				CLANG_ENABLE_OBJC_ARC = YES;
				CLANG_ENABLE_OBJC_WEAK = YES;
				CLANG_WARN_BLOCK_CAPTURE_AUTORELEASING = YES;
				CLANG_WARN_BOOL_CONVERSION = YES;
				CLANG_WARN_COMMA = YES;
				CLANG_WARN_CONSTANT_CONVERSION = YES;
				CLANG_WARN_DEPRECATED_OBJC_IMPLEMENTATIONS = YES;
				CLANG_WARN_DIRECT_OBJC_ISA_USAGE = YES_ERROR;
				CLANG_WARN_DOCUMENTATION_COMMENTS = YES;
				CLANG_WARN_EMPTY_BODY = YES;
				CLANG_WARN_ENUM_CONVERSION = YES;
				CLANG_WARN_INFINITE_RECURSION = YES;
				CLANG_WARN_INT_CONVERSION = YES;
				CLANG_WARN_NON_LITERAL_NULL_CONVERSION = YES;
				CLANG_WARN_OBJC_IMPLICIT_RETAIN_SELF = YES;
				CLANG_WARN_OBJC_LITERAL_CONVERSION = YES;
				CLANG_WARN_OBJC_ROOT_CLASS = YES_ERROR;
				CLANG_WARN_QUOTED_INCLUDE_IN_FRAMEWORK_HEADER = YES;
				CLANG_WARN_RANGE_LOOP_ANALYSIS = YES;
				CLANG_WARN_STRICT_PROTOTYPES = YES;
				CLANG_WARN_SUSPICIOUS_MOVE = YES;
				CLANG_WARN_UNGUARDED_AVAILABILITY = YES_AGGRESSIVE;
				CLANG_WARN_UNREACHABLE_CODE = YES;
				CLANG_WARN__DUPLICATE_METHOD_MATCH = YES;
				COPY_PHASE_STRIP = NO;
				DEBUG_INFORMATION_FORMAT = "dwarf-with-dsym";
				ENABLE_NS_ASSERTIONS = NO;
				ENABLE_STRICT_OBJC_MSGSEND = YES;
				ENABLE_USER_SCRIPT_SANDBOXING = YES;
				GCC_C_LANGUAGE_STANDARD = gnu17;
				GCC_NO_COMMON_BLOCKS = YES;
				GCC_WARN_64_TO_32_BIT_CONVERSION = YES;
				GCC_WARN_ABOUT_RETURN_TYPE = YES_ERROR;
				GCC_WARN_UNDECLARED_SELECTOR = YES;
				GCC_WARN_UNINITIALIZED_AUTOS = YES_AGGRESSIVE;
				GCC_WARN_UNUSED_FUNCTION = YES;
				GCC_WARN_UNUSED_VARIABLE = YES;
				IPHONEOS_DEPLOYMENT_TARGET = 18.2;
				LOCALIZATION_PREFERS_STRING_CATALOGS = YES;
				MTL_ENABLE_DEBUG_INFO = NO;
				MTL_FAST_MATH = YES;
				SDKROOT = iphoneos;
				SWIFT_COMPILATION_MODE = wholemodule;
				SWIFT_VERSION = 6.0;
				VALIDATE_PRODUCT = YES;
			};
			name = Release;
		};
		3992D7632D4135E60051F96A /* Debug */ = {
			isa = XCBuildConfiguration;
			buildSettings = {
				ASSETCATALOG_COMPILER_APPICON_NAME = AppIcon;
				ASSETCATALOG_COMPILER_GLOBAL_ACCENT_COLOR_NAME = AccentColor;
				CODE_SIGN_STYLE = Automatic;
				CURRENT_PROJECT_VERSION = 1;
				DEVELOPMENT_ASSET_PATHS = "\"RandomUserApi/Preview Content\"";
				DEVELOPMENT_TEAM = 9U2SD7A9BN;
				ENABLE_PREVIEWS = YES;
				GENERATE_INFOPLIST_FILE = YES;
				INFOPLIST_KEY_UIApplicationSceneManifest_Generation = YES;
				INFOPLIST_KEY_UIApplicationSupportsIndirectInputEvents = YES;
				INFOPLIST_KEY_UILaunchScreen_Generation = YES;
				INFOPLIST_KEY_UISupportedInterfaceOrientations_iPad = "UIInterfaceOrientationPortrait UIInterfaceOrientationPortraitUpsideDown UIInterfaceOrientationLandscapeLeft UIInterfaceOrientationLandscapeRight";
				INFOPLIST_KEY_UISupportedInterfaceOrientations_iPhone = "UIInterfaceOrientationPortrait UIInterfaceOrientationLandscapeLeft UIInterfaceOrientationLandscapeRight";
				LD_RUNPATH_SEARCH_PATHS = (
					"$(inherited)",
					"@executable_path/Frameworks",
				);
				MARKETING_VERSION = 1.0.0;
				PRODUCT_BUNDLE_IDENTIFIER = com.dmn.tech.randomuser.RandomUserApi;
				PRODUCT_NAME = "$(TARGET_NAME)";
				SWIFT_EMIT_LOC_STRINGS = YES;
				SWIFT_VERSION = 6.0;
				TARGETED_DEVICE_FAMILY = "1,2";
			};
			name = Debug;
		};
		3992D7642D4135E60051F96A /* Release */ = {
			isa = XCBuildConfiguration;
			buildSettings = {
				ASSETCATALOG_COMPILER_APPICON_NAME = AppIcon;
				ASSETCATALOG_COMPILER_GLOBAL_ACCENT_COLOR_NAME = AccentColor;
				CODE_SIGN_STYLE = Automatic;
				CURRENT_PROJECT_VERSION = 1;
				DEVELOPMENT_ASSET_PATHS = "\"RandomUserApi/Preview Content\"";
				DEVELOPMENT_TEAM = 9U2SD7A9BN;
				ENABLE_PREVIEWS = YES;
				GENERATE_INFOPLIST_FILE = YES;
				INFOPLIST_KEY_UIApplicationSceneManifest_Generation = YES;
				INFOPLIST_KEY_UIApplicationSupportsIndirectInputEvents = YES;
				INFOPLIST_KEY_UILaunchScreen_Generation = YES;
				INFOPLIST_KEY_UISupportedInterfaceOrientations_iPad = "UIInterfaceOrientationPortrait UIInterfaceOrientationPortraitUpsideDown UIInterfaceOrientationLandscapeLeft UIInterfaceOrientationLandscapeRight";
				INFOPLIST_KEY_UISupportedInterfaceOrientations_iPhone = "UIInterfaceOrientationPortrait UIInterfaceOrientationLandscapeLeft UIInterfaceOrientationLandscapeRight";
				LD_RUNPATH_SEARCH_PATHS = (
					"$(inherited)",
					"@executable_path/Frameworks",
				);
				MARKETING_VERSION = 1.0.0;
				PRODUCT_BUNDLE_IDENTIFIER = com.dmn.tech.randomuser.RandomUserApi;
				PRODUCT_NAME = "$(TARGET_NAME)";
				SWIFT_EMIT_LOC_STRINGS = YES;
				SWIFT_VERSION = 6.0;
				TARGETED_DEVICE_FAMILY = "1,2";
			};
			name = Release;
		};
		3992D7662D4135E60051F96A /* Debug */ = {
			isa = XCBuildConfiguration;
			buildSettings = {
				BUNDLE_LOADER = "$(TEST_HOST)";
				CODE_SIGN_STYLE = Automatic;
				CURRENT_PROJECT_VERSION = 1;
				DEVELOPMENT_TEAM = 9U2SD7A9BN;
				GENERATE_INFOPLIST_FILE = YES;
				IPHONEOS_DEPLOYMENT_TARGET = 18.2;
				MARKETING_VERSION = 1.0;
				PRODUCT_BUNDLE_IDENTIFIER = com.dmn.tech.randomuser.RandomUserApiTests;
				PRODUCT_NAME = "$(TARGET_NAME)";
				SWIFT_EMIT_LOC_STRINGS = NO;
				SWIFT_VERSION = 6.0;
				TARGETED_DEVICE_FAMILY = "1,2";
				TEST_HOST = "$(BUILT_PRODUCTS_DIR)/RandomUserApi.app/$(BUNDLE_EXECUTABLE_FOLDER_PATH)/RandomUserApi";
			};
			name = Debug;
		};
		3992D7672D4135E60051F96A /* Release */ = {
			isa = XCBuildConfiguration;
			buildSettings = {
				BUNDLE_LOADER = "$(TEST_HOST)";
				CODE_SIGN_STYLE = Automatic;
				CURRENT_PROJECT_VERSION = 1;
				DEVELOPMENT_TEAM = 9U2SD7A9BN;
				GENERATE_INFOPLIST_FILE = YES;
				IPHONEOS_DEPLOYMENT_TARGET = 18.2;
				MARKETING_VERSION = 1.0;
				PRODUCT_BUNDLE_IDENTIFIER = com.dmn.tech.randomuser.RandomUserApiTests;
				PRODUCT_NAME = "$(TARGET_NAME)";
				SWIFT_EMIT_LOC_STRINGS = NO;
				SWIFT_VERSION = 6.0;
				TARGETED_DEVICE_FAMILY = "1,2";
				TEST_HOST = "$(BUILT_PRODUCTS_DIR)/RandomUserApi.app/$(BUNDLE_EXECUTABLE_FOLDER_PATH)/RandomUserApi";
			};
			name = Release;
		};
		3992D7692D4135E60051F96A /* Debug */ = {
			isa = XCBuildConfiguration;
			buildSettings = {
				CODE_SIGN_STYLE = Automatic;
				CURRENT_PROJECT_VERSION = 1;
				DEVELOPMENT_TEAM = 9U2SD7A9BN;
				GENERATE_INFOPLIST_FILE = YES;
				MARKETING_VERSION = 1.0;
				PRODUCT_BUNDLE_IDENTIFIER = com.dmn.tech.randomuser.RandomUserApiUITests;
				PRODUCT_NAME = "$(TARGET_NAME)";
				SWIFT_EMIT_LOC_STRINGS = NO;
				SWIFT_VERSION = 6.0;
				TARGETED_DEVICE_FAMILY = "1,2";
				TEST_TARGET_NAME = RandomUserApi;
			};
			name = Debug;
		};
		3992D76A2D4135E60051F96A /* Release */ = {
			isa = XCBuildConfiguration;
			buildSettings = {
				CODE_SIGN_STYLE = Automatic;
				CURRENT_PROJECT_VERSION = 1;
				DEVELOPMENT_TEAM = 9U2SD7A9BN;
				GENERATE_INFOPLIST_FILE = YES;
				MARKETING_VERSION = 1.0;
				PRODUCT_BUNDLE_IDENTIFIER = com.dmn.tech.randomuser.RandomUserApiUITests;
				PRODUCT_NAME = "$(TARGET_NAME)";
				SWIFT_EMIT_LOC_STRINGS = NO;
				SWIFT_VERSION = 6.0;
				TARGETED_DEVICE_FAMILY = "1,2";
				TEST_TARGET_NAME = RandomUserApi;
			};
			name = Release;
		};
/* End XCBuildConfiguration section */

/* Begin XCConfigurationList section */
		3992D7372D4135E30051F96A /* Build configuration list for PBXProject "RandomUserApi" */ = {
			isa = XCConfigurationList;
			buildConfigurations = (
				3992D7602D4135E60051F96A /* Debug */,
				3992D7612D4135E60051F96A /* Release */,
			);
			defaultConfigurationIsVisible = 0;
			defaultConfigurationName = Release;
		};
		3992D7622D4135E60051F96A /* Build configuration list for PBXNativeTarget "RandomUserApi" */ = {
			isa = XCConfigurationList;
			buildConfigurations = (
				3992D7632D4135E60051F96A /* Debug */,
				3992D7642D4135E60051F96A /* Release */,
			);
			defaultConfigurationIsVisible = 0;
			defaultConfigurationName = Release;
		};
		3992D7652D4135E60051F96A /* Build configuration list for PBXNativeTarget "RandomUserApiTests" */ = {
			isa = XCConfigurationList;
			buildConfigurations = (
				3992D7662D4135E60051F96A /* Debug */,
				3992D7672D4135E60051F96A /* Release */,
			);
			defaultConfigurationIsVisible = 0;
			defaultConfigurationName = Release;
		};
		3992D7682D4135E60051F96A /* Build configuration list for PBXNativeTarget "RandomUserApiUITests" */ = {
			isa = XCConfigurationList;
			buildConfigurations = (
				3992D7692D4135E60051F96A /* Debug */,
				3992D76A2D4135E60051F96A /* Release */,
			);
			defaultConfigurationIsVisible = 0;
			defaultConfigurationName = Release;
		};
/* End XCConfigurationList section */
	};
	rootObject = 3992D7342D4135E30051F96A /* Project object */;
}
